
Microsoft Visual Studio Solution File, Format Version 12.00
# Visual Studio Version 17
VisualStudioVersion = 17.11.35303.130
MinimumVisualStudioVersion = 10.0.40219.1
Project("{FAE04EC0-301F-11D3-BF4B-00C04F79EFBC}") = "KE", "KE.csproj", "{513067C0-5102-4001-9592-A749E680F2EB}"
EndProject
Global
	GlobalSection(SolutionConfigurationPlatforms) = preSolution
		Debug|Any CPU = Debug|Any CPU
		Release|Any CPU = Release|Any CPU
	EndGlobalSection
	GlobalSection(ProjectConfigurationPlatforms) = postSolution
		{513067C0-5102-4001-9592-A749E680F2EB}.Debug|Any CPU.ActiveCfg = Debug|Any CPU
		{513067C0-5102-4001-9592-A749E680F2EB}.Debug|Any CPU.Build.0 = Debug|Any CPU
		{513067C0-5102-4001-9592-A749E680F2EB}.Release|Any CPU.ActiveCfg = Release|Any CPU
		{513067C0-5102-4001-9592-A749E680F2EB}.Release|Any CPU.Build.0 = Release|Any CPU
	EndGlobalSection
	GlobalSection(SolutionProperties) = preSolution
		HideSolutionNode = FALSE
	EndGlobalSection
	GlobalSection(ExtensibilityGlobals) = postSolution
		SolutionGuid = {BECA8372-20A7-4DB8-8EDD-04F7048F0336}
	EndGlobalSection
EndGlobal
